// !$*UTF8*$!
{
	archiveVersion = 1;
	classes = {
	};
	objectVersion = 56;
	objects = {

/* Begin PBXBuildFile section */
		AF5913072B31FD6D00B9649C /* LoginViewController.swift in Sources */ = {isa = PBXBuildFile; fileRef = AF5913062B31FD6D00B9649C /* LoginViewController.swift */; };
		AF59614B2B32B2DA004C9810 /* KakaoSDK in Frameworks */ = {isa = PBXBuildFile; productRef = AF59614A2B32B2DA004C9810 /* KakaoSDK */; };
		AF59614D2B32B2DA004C9810 /* KakaoSDKAuth in Frameworks */ = {isa = PBXBuildFile; productRef = AF59614C2B32B2DA004C9810 /* KakaoSDKAuth */; };
		AF59614F2B32B2DA004C9810 /* KakaoSDKCert in Frameworks */ = {isa = PBXBuildFile; productRef = AF59614E2B32B2DA004C9810 /* KakaoSDKCert */; };
		AF5961512B32B2DA004C9810 /* KakaoSDKCertCore in Frameworks */ = {isa = PBXBuildFile; productRef = AF5961502B32B2DA004C9810 /* KakaoSDKCertCore */; };
		AF5961532B32B2DA004C9810 /* KakaoSDKCommon in Frameworks */ = {isa = PBXBuildFile; productRef = AF5961522B32B2DA004C9810 /* KakaoSDKCommon */; };
		AF5961552B32B2DA004C9810 /* KakaoSDKFriend in Frameworks */ = {isa = PBXBuildFile; productRef = AF5961542B32B2DA004C9810 /* KakaoSDKFriend */; };
		AF5961572B32B2DA004C9810 /* KakaoSDKFriendCore in Frameworks */ = {isa = PBXBuildFile; productRef = AF5961562B32B2DA004C9810 /* KakaoSDKFriendCore */; };
		AF5961592B32B2DA004C9810 /* KakaoSDKNavi in Frameworks */ = {isa = PBXBuildFile; productRef = AF5961582B32B2DA004C9810 /* KakaoSDKNavi */; };
		AF59615B2B32B2DA004C9810 /* KakaoSDKShare in Frameworks */ = {isa = PBXBuildFile; productRef = AF59615A2B32B2DA004C9810 /* KakaoSDKShare */; };
		AF59615D2B32B2DA004C9810 /* KakaoSDKTalk in Frameworks */ = {isa = PBXBuildFile; productRef = AF59615C2B32B2DA004C9810 /* KakaoSDKTalk */; };
		AF59615F2B32B2DA004C9810 /* KakaoSDKTemplate in Frameworks */ = {isa = PBXBuildFile; productRef = AF59615E2B32B2DA004C9810 /* KakaoSDKTemplate */; };
		AF5961612B32B2DA004C9810 /* KakaoSDKUser in Frameworks */ = {isa = PBXBuildFile; productRef = AF5961602B32B2DA004C9810 /* KakaoSDKUser */; };
		AF5961C72B32F190004C9810 /* Assets.xcassets in Resources */ = {isa = PBXBuildFile; fileRef = AFFAC8042B147BAA00C2347E /* Assets.xcassets */; };
		AFBCB9A72B32FAAC0037F01C /* HomeViewController.swift in Sources */ = {isa = PBXBuildFile; fileRef = AFBCB99D2B32FAAC0037F01C /* HomeViewController.swift */; };
		AFBCB9A82B32FAAC0037F01C /* SchoolRankTableViewCell.xib in Resources */ = {isa = PBXBuildFile; fileRef = AFBCB99F2B32FAAC0037F01C /* SchoolRankTableViewCell.xib */; };
		AFBCB9A92B32FAAC0037F01C /* SchoolLogoTableViewCell.swift in Sources */ = {isa = PBXBuildFile; fileRef = AFBCB9A02B32FAAC0037F01C /* SchoolLogoTableViewCell.swift */; };
		AFBCB9AA2B32FAAC0037F01C /* PostTableViewCell.swift in Sources */ = {isa = PBXBuildFile; fileRef = AFBCB9A12B32FAAC0037F01C /* PostTableViewCell.swift */; };
		AFBCB9AB2B32FAAC0037F01C /* PostTableViewCell.xib in Resources */ = {isa = PBXBuildFile; fileRef = AFBCB9A22B32FAAC0037F01C /* PostTableViewCell.xib */; };
		AFBCB9AC2B32FAAC0037F01C /* SchoolLogoCollectionViewCell.xib in Resources */ = {isa = PBXBuildFile; fileRef = AFBCB9A32B32FAAC0037F01C /* SchoolLogoCollectionViewCell.xib */; };
		AFBCB9AD2B32FAAC0037F01C /* SchoolLogoCollectionViewCell.swift in Sources */ = {isa = PBXBuildFile; fileRef = AFBCB9A42B32FAAC0037F01C /* SchoolLogoCollectionViewCell.swift */; };
		AFBCB9AE2B32FAAC0037F01C /* SchoolLogoTableViewCell.xib in Resources */ = {isa = PBXBuildFile; fileRef = AFBCB9A52B32FAAC0037F01C /* SchoolLogoTableViewCell.xib */; };
		AFBCB9AF2B32FAAC0037F01C /* SchoolRankTableViewCell.swift in Sources */ = {isa = PBXBuildFile; fileRef = AFBCB9A62B32FAAC0037F01C /* SchoolRankTableViewCell.swift */; };
		AFFAC7FC2B147BA800C2347E /* AppDelegate.swift in Sources */ = {isa = PBXBuildFile; fileRef = AFFAC7FB2B147BA800C2347E /* AppDelegate.swift */; };
		AFFAC7FE2B147BA800C2347E /* SceneDelegate.swift in Sources */ = {isa = PBXBuildFile; fileRef = AFFAC7FD2B147BA800C2347E /* SceneDelegate.swift */; };
		AFFAC8032B147BA800C2347E /* Main.storyboard in Resources */ = {isa = PBXBuildFile; fileRef = AFFAC8012B147BA800C2347E /* Main.storyboard */; };
		AFFAC8082B147BAA00C2347E /* LaunchScreen.storyboard in Resources */ = {isa = PBXBuildFile; fileRef = AFFAC8062B147BAA00C2347E /* LaunchScreen.storyboard */; };
		AFFAC8122B14877700C2347E /* BoardViewController.swift in Sources */ = {isa = PBXBuildFile; fileRef = AFFAC8102B14877700C2347E /* BoardViewController.swift */; };
		AFFAC8152B14879F00C2347E /* WritingViewController.swift in Sources */ = {isa = PBXBuildFile; fileRef = AFFAC8142B14879F00C2347E /* WritingViewController.swift */; };
		AFFAC8182B148E7E00C2347E /* PostViewController.swift in Sources */ = {isa = PBXBuildFile; fileRef = AFFAC8172B148E7E00C2347E /* PostViewController.swift */; };
		AFFAC81D2B1492BE00C2347E /* BoardCollectionViewCell.swift in Sources */ = {isa = PBXBuildFile; fileRef = AFFAC81B2B1492BE00C2347E /* BoardCollectionViewCell.swift */; };
		AFFAC81E2B1492BE00C2347E /* BoardCollectionViewCell.xib in Resources */ = {isa = PBXBuildFile; fileRef = AFFAC81C2B1492BE00C2347E /* BoardCollectionViewCell.xib */; };
		AFFAC8212B15C3D100C2347E /* PostData.swift in Sources */ = {isa = PBXBuildFile; fileRef = AFFAC8202B15C3D100C2347E /* PostData.swift */; };
		AFFAC8232B15C3E000C2347E /* PostManager.swift in Sources */ = {isa = PBXBuildFile; fileRef = AFFAC8222B15C3E000C2347E /* PostManager.swift */; };
		AFFAC8252B15C3E900C2347E /* PostModel.swift in Sources */ = {isa = PBXBuildFile; fileRef = AFFAC8242B15C3E900C2347E /* PostModel.swift */; };
/* End PBXBuildFile section */

/* Begin PBXFileReference section */
		AF5913062B31FD6D00B9649C /* LoginViewController.swift */ = {isa = PBXFileReference; lastKnownFileType = sourcecode.swift; path = LoginViewController.swift; sourceTree = "<group>"; };
		AFBCB99D2B32FAAC0037F01C /* HomeViewController.swift */ = {isa = PBXFileReference; fileEncoding = 4; lastKnownFileType = sourcecode.swift; path = HomeViewController.swift; sourceTree = "<group>"; };
		AFBCB99F2B32FAAC0037F01C /* SchoolRankTableViewCell.xib */ = {isa = PBXFileReference; fileEncoding = 4; lastKnownFileType = file.xib; path = SchoolRankTableViewCell.xib; sourceTree = "<group>"; };
		AFBCB9A02B32FAAC0037F01C /* SchoolLogoTableViewCell.swift */ = {isa = PBXFileReference; fileEncoding = 4; lastKnownFileType = sourcecode.swift; path = SchoolLogoTableViewCell.swift; sourceTree = "<group>"; };
		AFBCB9A12B32FAAC0037F01C /* PostTableViewCell.swift */ = {isa = PBXFileReference; fileEncoding = 4; lastKnownFileType = sourcecode.swift; path = PostTableViewCell.swift; sourceTree = "<group>"; };
		AFBCB9A22B32FAAC0037F01C /* PostTableViewCell.xib */ = {isa = PBXFileReference; fileEncoding = 4; lastKnownFileType = file.xib; path = PostTableViewCell.xib; sourceTree = "<group>"; };
		AFBCB9A32B32FAAC0037F01C /* SchoolLogoCollectionViewCell.xib */ = {isa = PBXFileReference; fileEncoding = 4; lastKnownFileType = file.xib; path = SchoolLogoCollectionViewCell.xib; sourceTree = "<group>"; };
		AFBCB9A42B32FAAC0037F01C /* SchoolLogoCollectionViewCell.swift */ = {isa = PBXFileReference; fileEncoding = 4; lastKnownFileType = sourcecode.swift; path = SchoolLogoCollectionViewCell.swift; sourceTree = "<group>"; };
		AFBCB9A52B32FAAC0037F01C /* SchoolLogoTableViewCell.xib */ = {isa = PBXFileReference; fileEncoding = 4; lastKnownFileType = file.xib; path = SchoolLogoTableViewCell.xib; sourceTree = "<group>"; };
		AFBCB9A62B32FAAC0037F01C /* SchoolRankTableViewCell.swift */ = {isa = PBXFileReference; fileEncoding = 4; lastKnownFileType = sourcecode.swift; path = SchoolRankTableViewCell.swift; sourceTree = "<group>"; };
		AFFAC7F82B147BA800C2347E /* SchoolMateBoard.app */ = {isa = PBXFileReference; explicitFileType = wrapper.application; includeInIndex = 0; path = SchoolMateBoard.app; sourceTree = BUILT_PRODUCTS_DIR; };
		AFFAC7FB2B147BA800C2347E /* AppDelegate.swift */ = {isa = PBXFileReference; lastKnownFileType = sourcecode.swift; path = AppDelegate.swift; sourceTree = "<group>"; };
		AFFAC7FD2B147BA800C2347E /* SceneDelegate.swift */ = {isa = PBXFileReference; lastKnownFileType = sourcecode.swift; path = SceneDelegate.swift; sourceTree = "<group>"; };
		AFFAC8022B147BA800C2347E /* Base */ = {isa = PBXFileReference; lastKnownFileType = file.storyboard; name = Base; path = Base.lproj/Main.storyboard; sourceTree = "<group>"; };
		AFFAC8042B147BAA00C2347E /* Assets.xcassets */ = {isa = PBXFileReference; lastKnownFileType = folder.assetcatalog; path = Assets.xcassets; sourceTree = "<group>"; };
		AFFAC8072B147BAA00C2347E /* Base */ = {isa = PBXFileReference; lastKnownFileType = file.storyboard; name = Base; path = Base.lproj/LaunchScreen.storyboard; sourceTree = "<group>"; };
		AFFAC8092B147BAA00C2347E /* Info.plist */ = {isa = PBXFileReference; lastKnownFileType = text.plist.xml; path = Info.plist; sourceTree = "<group>"; };
		AFFAC8102B14877700C2347E /* BoardViewController.swift */ = {isa = PBXFileReference; lastKnownFileType = sourcecode.swift; path = BoardViewController.swift; sourceTree = "<group>"; };
		AFFAC8142B14879F00C2347E /* WritingViewController.swift */ = {isa = PBXFileReference; lastKnownFileType = sourcecode.swift; path = WritingViewController.swift; sourceTree = "<group>"; };
		AFFAC8172B148E7E00C2347E /* PostViewController.swift */ = {isa = PBXFileReference; lastKnownFileType = sourcecode.swift; path = PostViewController.swift; sourceTree = "<group>"; };
		AFFAC81B2B1492BE00C2347E /* BoardCollectionViewCell.swift */ = {isa = PBXFileReference; lastKnownFileType = sourcecode.swift; path = BoardCollectionViewCell.swift; sourceTree = "<group>"; };
		AFFAC81C2B1492BE00C2347E /* BoardCollectionViewCell.xib */ = {isa = PBXFileReference; lastKnownFileType = file.xib; path = BoardCollectionViewCell.xib; sourceTree = "<group>"; };
		AFFAC8202B15C3D100C2347E /* PostData.swift */ = {isa = PBXFileReference; lastKnownFileType = sourcecode.swift; path = PostData.swift; sourceTree = "<group>"; };
		AFFAC8222B15C3E000C2347E /* PostManager.swift */ = {isa = PBXFileReference; lastKnownFileType = sourcecode.swift; path = PostManager.swift; sourceTree = "<group>"; };
		AFFAC8242B15C3E900C2347E /* PostModel.swift */ = {isa = PBXFileReference; lastKnownFileType = sourcecode.swift; path = PostModel.swift; sourceTree = "<group>"; };
/* End PBXFileReference section */

/* Begin PBXFrameworksBuildPhase section */
		AFFAC7F52B147BA800C2347E /* Frameworks */ = {
			isa = PBXFrameworksBuildPhase;
			buildActionMask = 2147483647;
			files = (
				AF5961572B32B2DA004C9810 /* KakaoSDKFriendCore in Frameworks */,
				AF5961512B32B2DA004C9810 /* KakaoSDKCertCore in Frameworks */,
				AF59614F2B32B2DA004C9810 /* KakaoSDKCert in Frameworks */,
				AF59615F2B32B2DA004C9810 /* KakaoSDKTemplate in Frameworks */,
				AF5961592B32B2DA004C9810 /* KakaoSDKNavi in Frameworks */,
				AF59614B2B32B2DA004C9810 /* KakaoSDK in Frameworks */,
				AF5961532B32B2DA004C9810 /* KakaoSDKCommon in Frameworks */,
				AF59614D2B32B2DA004C9810 /* KakaoSDKAuth in Frameworks */,
				AF5961612B32B2DA004C9810 /* KakaoSDKUser in Frameworks */,
				AF59615D2B32B2DA004C9810 /* KakaoSDKTalk in Frameworks */,
				AF5961552B32B2DA004C9810 /* KakaoSDKFriend in Frameworks */,
				AF59615B2B32B2DA004C9810 /* KakaoSDKShare in Frameworks */,
			);
			runOnlyForDeploymentPostprocessing = 0;
		};
/* End PBXFrameworksBuildPhase section */

/* Begin PBXGroup section */
		AF5961772B32EB25004C9810 /* Board */ = {
			isa = PBXGroup;
			children = (
				AFFAC81F2B15C3B300C2347E /* PostInfo */,
				AFFAC8142B14879F00C2347E /* WritingViewController.swift */,
				AFFAC8172B148E7E00C2347E /* PostViewController.swift */,
				AFFAC8102B14877700C2347E /* BoardViewController.swift */,
				AFFAC81B2B1492BE00C2347E /* BoardCollectionViewCell.swift */,
				AFFAC81C2B1492BE00C2347E /* BoardCollectionViewCell.xib */,
				AF5913062B31FD6D00B9649C /* LoginViewController.swift */,
			);
			path = Board;
			sourceTree = "<group>";
		};
		AFBCB99C2B32FAAC0037F01C /* Home */ = {
			isa = PBXGroup;
			children = (
				AFBCB99D2B32FAAC0037F01C /* HomeViewController.swift */,
				AFBCB99E2B32FAAC0037F01C /* Cell */,
			);
			path = Home;
			sourceTree = "<group>";
		};
		AFBCB99E2B32FAAC0037F01C /* Cell */ = {
			isa = PBXGroup;
			children = (
				AFBCB99F2B32FAAC0037F01C /* SchoolRankTableViewCell.xib */,
				AFBCB9A02B32FAAC0037F01C /* SchoolLogoTableViewCell.swift */,
				AFBCB9A12B32FAAC0037F01C /* PostTableViewCell.swift */,
				AFBCB9A22B32FAAC0037F01C /* PostTableViewCell.xib */,
				AFBCB9A32B32FAAC0037F01C /* SchoolLogoCollectionViewCell.xib */,
				AFBCB9A42B32FAAC0037F01C /* SchoolLogoCollectionViewCell.swift */,
				AFBCB9A52B32FAAC0037F01C /* SchoolLogoTableViewCell.xib */,
				AFBCB9A62B32FAAC0037F01C /* SchoolRankTableViewCell.swift */,
			);
			path = Cell;
			sourceTree = "<group>";
		};
		AFFAC7EF2B147BA800C2347E = {
			isa = PBXGroup;
			children = (
				AFFAC7FA2B147BA800C2347E /* SchoolMateBoard */,
				AFFAC7F92B147BA800C2347E /* Products */,
			);
			sourceTree = "<group>";
		};
		AFFAC7F92B147BA800C2347E /* Products */ = {
			isa = PBXGroup;
			children = (
				AFFAC7F82B147BA800C2347E /* SchoolMateBoard.app */,
			);
			name = Products;
			sourceTree = "<group>";
		};
		AFFAC7FA2B147BA800C2347E /* SchoolMateBoard */ = {
			isa = PBXGroup;
			children = (
				AFBCB99C2B32FAAC0037F01C /* Home */,
				AF5961772B32EB25004C9810 /* Board */,
				AFFAC7FB2B147BA800C2347E /* AppDelegate.swift */,
				AFFAC7FD2B147BA800C2347E /* SceneDelegate.swift */,
				AFFAC8012B147BA800C2347E /* Main.storyboard */,
				AFFAC8042B147BAA00C2347E /* Assets.xcassets */,
				AFFAC8062B147BAA00C2347E /* LaunchScreen.storyboard */,
				AFFAC8092B147BAA00C2347E /* Info.plist */,
			);
			path = SchoolMateBoard;
			sourceTree = "<group>";
		};
		AFFAC81F2B15C3B300C2347E /* PostInfo */ = {
			isa = PBXGroup;
			children = (
				AFFAC8202B15C3D100C2347E /* PostData.swift */,
				AFFAC8222B15C3E000C2347E /* PostManager.swift */,
				AFFAC8242B15C3E900C2347E /* PostModel.swift */,
			);
			path = PostInfo;
			sourceTree = "<group>";
		};
/* End PBXGroup section */

/* Begin PBXNativeTarget section */
		AFFAC7F72B147BA800C2347E /* SchoolMateBoard */ = {
			isa = PBXNativeTarget;
			buildConfigurationList = AFFAC80C2B147BAA00C2347E /* Build configuration list for PBXNativeTarget "SchoolMateBoard" */;
			buildPhases = (
				AFFAC7F42B147BA800C2347E /* Sources */,
				AFFAC7F52B147BA800C2347E /* Frameworks */,
				AFFAC7F62B147BA800C2347E /* Resources */,
			);
			buildRules = (
			);
			dependencies = (
			);
			name = SchoolMateBoard;
			packageProductDependencies = (
				AF59614A2B32B2DA004C9810 /* KakaoSDK */,
				AF59614C2B32B2DA004C9810 /* KakaoSDKAuth */,
				AF59614E2B32B2DA004C9810 /* KakaoSDKCert */,
				AF5961502B32B2DA004C9810 /* KakaoSDKCertCore */,
				AF5961522B32B2DA004C9810 /* KakaoSDKCommon */,
				AF5961542B32B2DA004C9810 /* KakaoSDKFriend */,
				AF5961562B32B2DA004C9810 /* KakaoSDKFriendCore */,
				AF5961582B32B2DA004C9810 /* KakaoSDKNavi */,
				AF59615A2B32B2DA004C9810 /* KakaoSDKShare */,
				AF59615C2B32B2DA004C9810 /* KakaoSDKTalk */,
				AF59615E2B32B2DA004C9810 /* KakaoSDKTemplate */,
				AF5961602B32B2DA004C9810 /* KakaoSDKUser */,
			);
			productName = SchoolMateBoard;
			productReference = AFFAC7F82B147BA800C2347E /* SchoolMateBoard.app */;
			productType = "com.apple.product-type.application";
		};
/* End PBXNativeTarget section */

/* Begin PBXProject section */
		AFFAC7F02B147BA800C2347E /* Project object */ = {
			isa = PBXProject;
			attributes = {
				BuildIndependentTargetsInParallel = 1;
				LastSwiftUpdateCheck = 1430;
				LastUpgradeCheck = 1430;
				TargetAttributes = {
					AFFAC7F72B147BA800C2347E = {
						CreatedOnToolsVersion = 14.3.1;
					};
				};
			};
			buildConfigurationList = AFFAC7F32B147BA800C2347E /* Build configuration list for PBXProject "SchoolMateBoard" */;
			compatibilityVersion = "Xcode 14.0";
			developmentRegion = en;
			hasScannedForEncodings = 0;
			knownRegions = (
				en,
				Base,
			);
			mainGroup = AFFAC7EF2B147BA800C2347E;
			packageReferences = (
				AF5961492B32B2DA004C9810 /* XCRemoteSwiftPackageReference "kakao-ios-sdk" */,
			);
			productRefGroup = AFFAC7F92B147BA800C2347E /* Products */;
			projectDirPath = "";
			projectRoot = "";
			targets = (
				AFFAC7F72B147BA800C2347E /* SchoolMateBoard */,
			);
		};
/* End PBXProject section */

/* Begin PBXResourcesBuildPhase section */
		AFFAC7F62B147BA800C2347E /* Resources */ = {
			isa = PBXResourcesBuildPhase;
			buildActionMask = 2147483647;
			files = (
				AFBCB9AE2B32FAAC0037F01C /* SchoolLogoTableViewCell.xib in Resources */,
				AF5961C72B32F190004C9810 /* Assets.xcassets in Resources */,
				AFFAC8082B147BAA00C2347E /* LaunchScreen.storyboard in Resources */,
				AFBCB9AC2B32FAAC0037F01C /* SchoolLogoCollectionViewCell.xib in Resources */,
				AFFAC8032B147BA800C2347E /* Main.storyboard in Resources */,
				AFBCB9AB2B32FAAC0037F01C /* PostTableViewCell.xib in Resources */,
				AFBCB9A82B32FAAC0037F01C /* SchoolRankTableViewCell.xib in Resources */,
				AFFAC81E2B1492BE00C2347E /* BoardCollectionViewCell.xib in Resources */,
			);
			runOnlyForDeploymentPostprocessing = 0;
		};
/* End PBXResourcesBuildPhase section */

/* Begin PBXSourcesBuildPhase section */
		AFFAC7F42B147BA800C2347E /* Sources */ = {
			isa = PBXSourcesBuildPhase;
			buildActionMask = 2147483647;
			files = (
				AFFAC8152B14879F00C2347E /* WritingViewController.swift in Sources */,
				AFFAC8252B15C3E900C2347E /* PostModel.swift in Sources */,
				AFBCB9AA2B32FAAC0037F01C /* PostTableViewCell.swift in Sources */,
				AFBCB9AD2B32FAAC0037F01C /* SchoolLogoCollectionViewCell.swift in Sources */,
				AFFAC7FC2B147BA800C2347E /* AppDelegate.swift in Sources */,
				AFFAC7FE2B147BA800C2347E /* SceneDelegate.swift in Sources */,
				AFFAC8122B14877700C2347E /* BoardViewController.swift in Sources */,
				AFFAC8182B148E7E00C2347E /* PostViewController.swift in Sources */,
				AFFAC8232B15C3E000C2347E /* PostManager.swift in Sources */,
				AFBCB9AF2B32FAAC0037F01C /* SchoolRankTableViewCell.swift in Sources */,
				AFBCB9A72B32FAAC0037F01C /* HomeViewController.swift in Sources */,
				AFBCB9A92B32FAAC0037F01C /* SchoolLogoTableViewCell.swift in Sources */,
				AFFAC8212B15C3D100C2347E /* PostData.swift in Sources */,
				AF5913072B31FD6D00B9649C /* LoginViewController.swift in Sources */,
				AFFAC81D2B1492BE00C2347E /* BoardCollectionViewCell.swift in Sources */,
			);
			runOnlyForDeploymentPostprocessing = 0;
		};
/* End PBXSourcesBuildPhase section */

/* Begin PBXVariantGroup section */
		AFFAC8012B147BA800C2347E /* Main.storyboard */ = {
			isa = PBXVariantGroup;
			children = (
				AFFAC8022B147BA800C2347E /* Base */,
			);
			name = Main.storyboard;
			sourceTree = "<group>";
		};
		AFFAC8062B147BAA00C2347E /* LaunchScreen.storyboard */ = {
			isa = PBXVariantGroup;
			children = (
				AFFAC8072B147BAA00C2347E /* Base */,
			);
			name = LaunchScreen.storyboard;
			sourceTree = "<group>";
		};
/* End PBXVariantGroup section */

/* Begin XCBuildConfiguration section */
		AFFAC80A2B147BAA00C2347E /* Debug */ = {
			isa = XCBuildConfiguration;
			buildSettings = {
				ALWAYS_SEARCH_USER_PATHS = NO;
				CLANG_ANALYZER_NONNULL = YES;
				CLANG_ANALYZER_NUMBER_OBJECT_CONVERSION = YES_AGGRESSIVE;
				CLANG_CXX_LANGUAGE_STANDARD = "gnu++20";
				CLANG_ENABLE_MODULES = YES;
				CLANG_ENABLE_OBJC_ARC = YES;
				CLANG_ENABLE_OBJC_WEAK = YES;
				CLANG_WARN_BLOCK_CAPTURE_AUTORELEASING = YES;
				CLANG_WARN_BOOL_CONVERSION = YES;
				CLANG_WARN_COMMA = YES;
				CLANG_WARN_CONSTANT_CONVERSION = YES;
				CLANG_WARN_DEPRECATED_OBJC_IMPLEMENTATIONS = YES;
				CLANG_WARN_DIRECT_OBJC_ISA_USAGE = YES_ERROR;
				CLANG_WARN_DOCUMENTATION_COMMENTS = YES;
				CLANG_WARN_EMPTY_BODY = YES;
				CLANG_WARN_ENUM_CONVERSION = YES;
				CLANG_WARN_INFINITE_RECURSION = YES;
				CLANG_WARN_INT_CONVERSION = YES;
				CLANG_WARN_NON_LITERAL_NULL_CONVERSION = YES;
				CLANG_WARN_OBJC_IMPLICIT_RETAIN_SELF = YES;
				CLANG_WARN_OBJC_LITERAL_CONVERSION = YES;
				CLANG_WARN_OBJC_ROOT_CLASS = YES_ERROR;
				CLANG_WARN_QUOTED_INCLUDE_IN_FRAMEWORK_HEADER = YES;
				CLANG_WARN_RANGE_LOOP_ANALYSIS = YES;
				CLANG_WARN_STRICT_PROTOTYPES = YES;
				CLANG_WARN_SUSPICIOUS_MOVE = YES;
				CLANG_WARN_UNGUARDED_AVAILABILITY = YES_AGGRESSIVE;
				CLANG_WARN_UNREACHABLE_CODE = YES;
				CLANG_WARN__DUPLICATE_METHOD_MATCH = YES;
				COPY_PHASE_STRIP = NO;
				DEBUG_INFORMATION_FORMAT = dwarf;
				ENABLE_STRICT_OBJC_MSGSEND = YES;
				ENABLE_TESTABILITY = YES;
				GCC_C_LANGUAGE_STANDARD = gnu11;
				GCC_DYNAMIC_NO_PIC = NO;
				GCC_NO_COMMON_BLOCKS = YES;
				GCC_OPTIMIZATION_LEVEL = 0;
				GCC_PREPROCESSOR_DEFINITIONS = (
					"DEBUG=1",
					"$(inherited)",
				);
				GCC_WARN_64_TO_32_BIT_CONVERSION = YES;
				GCC_WARN_ABOUT_RETURN_TYPE = YES_ERROR;
				GCC_WARN_UNDECLARED_SELECTOR = YES;
				GCC_WARN_UNINITIALIZED_AUTOS = YES_AGGRESSIVE;
				GCC_WARN_UNUSED_FUNCTION = YES;
				GCC_WARN_UNUSED_VARIABLE = YES;
				IPHONEOS_DEPLOYMENT_TARGET = 16.4;
				MTL_ENABLE_DEBUG_INFO = INCLUDE_SOURCE;
				MTL_FAST_MATH = YES;
				ONLY_ACTIVE_ARCH = YES;
				SDKROOT = iphoneos;
				SWIFT_ACTIVE_COMPILATION_CONDITIONS = DEBUG;
				SWIFT_OPTIMIZATION_LEVEL = "-Onone";
			};
			name = Debug;
		};
		AFFAC80B2B147BAA00C2347E /* Release */ = {
			isa = XCBuildConfiguration;
			buildSettings = {
				ALWAYS_SEARCH_USER_PATHS = NO;
				CLANG_ANALYZER_NONNULL = YES;
				CLANG_ANALYZER_NUMBER_OBJECT_CONVERSION = YES_AGGRESSIVE;
				CLANG_CXX_LANGUAGE_STANDARD = "gnu++20";
				CLANG_ENABLE_MODULES = YES;
				CLANG_ENABLE_OBJC_ARC = YES;
				CLANG_ENABLE_OBJC_WEAK = YES;
				CLANG_WARN_BLOCK_CAPTURE_AUTORELEASING = YES;
				CLANG_WARN_BOOL_CONVERSION = YES;
				CLANG_WARN_COMMA = YES;
				CLANG_WARN_CONSTANT_CONVERSION = YES;
				CLANG_WARN_DEPRECATED_OBJC_IMPLEMENTATIONS = YES;
				CLANG_WARN_DIRECT_OBJC_ISA_USAGE = YES_ERROR;
				CLANG_WARN_DOCUMENTATION_COMMENTS = YES;
				CLANG_WARN_EMPTY_BODY = YES;
				CLANG_WARN_ENUM_CONVERSION = YES;
				CLANG_WARN_INFINITE_RECURSION = YES;
				CLANG_WARN_INT_CONVERSION = YES;
				CLANG_WARN_NON_LITERAL_NULL_CONVERSION = YES;
				CLANG_WARN_OBJC_IMPLICIT_RETAIN_SELF = YES;
				CLANG_WARN_OBJC_LITERAL_CONVERSION = YES;
				CLANG_WARN_OBJC_ROOT_CLASS = YES_ERROR;
				CLANG_WARN_QUOTED_INCLUDE_IN_FRAMEWORK_HEADER = YES;
				CLANG_WARN_RANGE_LOOP_ANALYSIS = YES;
				CLANG_WARN_STRICT_PROTOTYPES = YES;
				CLANG_WARN_SUSPICIOUS_MOVE = YES;
				CLANG_WARN_UNGUARDED_AVAILABILITY = YES_AGGRESSIVE;
				CLANG_WARN_UNREACHABLE_CODE = YES;
				CLANG_WARN__DUPLICATE_METHOD_MATCH = YES;
				COPY_PHASE_STRIP = NO;
				DEBUG_INFORMATION_FORMAT = "dwarf-with-dsym";
				ENABLE_NS_ASSERTIONS = NO;
				ENABLE_STRICT_OBJC_MSGSEND = YES;
				GCC_C_LANGUAGE_STANDARD = gnu11;
				GCC_NO_COMMON_BLOCKS = YES;
				GCC_WARN_64_TO_32_BIT_CONVERSION = YES;
				GCC_WARN_ABOUT_RETURN_TYPE = YES_ERROR;
				GCC_WARN_UNDECLARED_SELECTOR = YES;
				GCC_WARN_UNINITIALIZED_AUTOS = YES_AGGRESSIVE;
				GCC_WARN_UNUSED_FUNCTION = YES;
				GCC_WARN_UNUSED_VARIABLE = YES;
				IPHONEOS_DEPLOYMENT_TARGET = 16.4;
				MTL_ENABLE_DEBUG_INFO = NO;
				MTL_FAST_MATH = YES;
				SDKROOT = iphoneos;
				SWIFT_COMPILATION_MODE = wholemodule;
				SWIFT_OPTIMIZATION_LEVEL = "-O";
				VALIDATE_PRODUCT = YES;
			};
			name = Release;
		};
		AFFAC80D2B147BAA00C2347E /* Debug */ = {
			isa = XCBuildConfiguration;
			buildSettings = {
				ASSETCATALOG_COMPILER_APPICON_NAME = AppIcon;
				ASSETCATALOG_COMPILER_GLOBAL_ACCENT_COLOR_NAME = AccentColor;
				CODE_SIGN_STYLE = Automatic;
				CURRENT_PROJECT_VERSION = 1;
				DEVELOPMENT_TEAM = L26UL7M6Y9;
				GENERATE_INFOPLIST_FILE = YES;
				INFOPLIST_FILE = SchoolMateBoard/Info.plist;
				INFOPLIST_KEY_UIApplicationSupportsIndirectInputEvents = YES;
				INFOPLIST_KEY_UILaunchStoryboardName = LaunchScreen;
				INFOPLIST_KEY_UIMainStoryboardFile = Main;
				INFOPLIST_KEY_UISupportedInterfaceOrientations_iPad = "UIInterfaceOrientationPortrait UIInterfaceOrientationPortraitUpsideDown UIInterfaceOrientationLandscapeLeft UIInterfaceOrientationLandscapeRight";
				INFOPLIST_KEY_UISupportedInterfaceOrientations_iPhone = "UIInterfaceOrientationPortrait UIInterfaceOrientationLandscapeLeft UIInterfaceOrientationLandscapeRight";
				IPHONEOS_DEPLOYMENT_TARGET = 15.0;
				LD_RUNPATH_SEARCH_PATHS = (
					"$(inherited)",
					"@executable_path/Frameworks",
				);
				MARKETING_VERSION = 1.0;
				PRODUCT_BUNDLE_IDENTIFIER = com.HIUUMC.SchoolMate;
				PRODUCT_NAME = "$(TARGET_NAME)";
				SWIFT_EMIT_LOC_STRINGS = YES;
				SWIFT_VERSION = 5.0;
				TARGETED_DEVICE_FAMILY = "1,2";
			};
			name = Debug;
		};
		AFFAC80E2B147BAA00C2347E /* Release */ = {
			isa = XCBuildConfiguration;
			buildSettings = {
				ASSETCATALOG_COMPILER_APPICON_NAME = AppIcon;
				ASSETCATALOG_COMPILER_GLOBAL_ACCENT_COLOR_NAME = AccentColor;
				CODE_SIGN_STYLE = Automatic;
				CURRENT_PROJECT_VERSION = 1;
				DEVELOPMENT_TEAM = L26UL7M6Y9;
				GENERATE_INFOPLIST_FILE = YES;
				INFOPLIST_FILE = SchoolMateBoard/Info.plist;
				INFOPLIST_KEY_UIApplicationSupportsIndirectInputEvents = YES;
				INFOPLIST_KEY_UILaunchStoryboardName = LaunchScreen;
				INFOPLIST_KEY_UIMainStoryboardFile = Main;
				INFOPLIST_KEY_UISupportedInterfaceOrientations_iPad = "UIInterfaceOrientationPortrait UIInterfaceOrientationPortraitUpsideDown UIInterfaceOrientationLandscapeLeft UIInterfaceOrientationLandscapeRight";
				INFOPLIST_KEY_UISupportedInterfaceOrientations_iPhone = "UIInterfaceOrientationPortrait UIInterfaceOrientationLandscapeLeft UIInterfaceOrientationLandscapeRight";
				IPHONEOS_DEPLOYMENT_TARGET = 15.0;
				LD_RUNPATH_SEARCH_PATHS = (
					"$(inherited)",
					"@executable_path/Frameworks",
				);
				MARKETING_VERSION = 1.0;
				PRODUCT_BUNDLE_IDENTIFIER = com.HIUUMC.SchoolMate;
				PRODUCT_NAME = "$(TARGET_NAME)";
				SWIFT_EMIT_LOC_STRINGS = YES;
				SWIFT_VERSION = 5.0;
				TARGETED_DEVICE_FAMILY = "1,2";
			};
			name = Release;
		};
/* End XCBuildConfiguration section */

/* Begin XCConfigurationList section */
		AFFAC7F32B147BA800C2347E /* Build configuration list for PBXProject "SchoolMateBoard" */ = {
			isa = XCConfigurationList;
			buildConfigurations = (
				AFFAC80A2B147BAA00C2347E /* Debug */,
				AFFAC80B2B147BAA00C2347E /* Release */,
			);
			defaultConfigurationIsVisible = 0;
			defaultConfigurationName = Release;
		};
		AFFAC80C2B147BAA00C2347E /* Build configuration list for PBXNativeTarget "SchoolMateBoard" */ = {
			isa = XCConfigurationList;
			buildConfigurations = (
				AFFAC80D2B147BAA00C2347E /* Debug */,
				AFFAC80E2B147BAA00C2347E /* Release */,
			);
			defaultConfigurationIsVisible = 0;
			defaultConfigurationName = Release;
		};
/* End XCConfigurationList section */

/* Begin XCRemoteSwiftPackageReference section */
		AF5961492B32B2DA004C9810 /* XCRemoteSwiftPackageReference "kakao-ios-sdk" */ = {
			isa = XCRemoteSwiftPackageReference;
			repositoryURL = "https://github.com/kakao/kakao-ios-sdk";
			requirement = {
				branch = master;
				kind = branch;
			};
		};
/* End XCRemoteSwiftPackageReference section */

/* Begin XCSwiftPackageProductDependency section */
		AF59614A2B32B2DA004C9810 /* KakaoSDK */ = {
			isa = XCSwiftPackageProductDependency;
			package = AF5961492B32B2DA004C9810 /* XCRemoteSwiftPackageReference "kakao-ios-sdk" */;
			productName = KakaoSDK;
		};
		AF59614C2B32B2DA004C9810 /* KakaoSDKAuth */ = {
			isa = XCSwiftPackageProductDependency;
			package = AF5961492B32B2DA004C9810 /* XCRemoteSwiftPackageReference "kakao-ios-sdk" */;
			productName = KakaoSDKAuth;
		};
		AF59614E2B32B2DA004C9810 /* KakaoSDKCert */ = {
			isa = XCSwiftPackageProductDependency;
			package = AF5961492B32B2DA004C9810 /* XCRemoteSwiftPackageReference "kakao-ios-sdk" */;
			productName = KakaoSDKCert;
		};
		AF5961502B32B2DA004C9810 /* KakaoSDKCertCore */ = {
			isa = XCSwiftPackageProductDependency;
			package = AF5961492B32B2DA004C9810 /* XCRemoteSwiftPackageReference "kakao-ios-sdk" */;
			productName = KakaoSDKCertCore;
		};
		AF5961522B32B2DA004C9810 /* KakaoSDKCommon */ = {
			isa = XCSwiftPackageProductDependency;
			package = AF5961492B32B2DA004C9810 /* XCRemoteSwiftPackageReference "kakao-ios-sdk" */;
			productName = KakaoSDKCommon;
		};
		AF5961542B32B2DA004C9810 /* KakaoSDKFriend */ = {
			isa = XCSwiftPackageProductDependency;
			package = AF5961492B32B2DA004C9810 /* XCRemoteSwiftPackageReference "kakao-ios-sdk" */;
			productName = KakaoSDKFriend;
		};
		AF5961562B32B2DA004C9810 /* KakaoSDKFriendCore */ = {
			isa = XCSwiftPackageProductDependency;
			package = AF5961492B32B2DA004C9810 /* XCRemoteSwiftPackageReference "kakao-ios-sdk" */;
			productName = KakaoSDKFriendCore;
		};
		AF5961582B32B2DA004C9810 /* KakaoSDKNavi */ = {
			isa = XCSwiftPackageProductDependency;
			package = AF5961492B32B2DA004C9810 /* XCRemoteSwiftPackageReference "kakao-ios-sdk" */;
			productName = KakaoSDKNavi;
		};
		AF59615A2B32B2DA004C9810 /* KakaoSDKShare */ = {
			isa = XCSwiftPackageProductDependency;
			package = AF5961492B32B2DA004C9810 /* XCRemoteSwiftPackageReference "kakao-ios-sdk" */;
			productName = KakaoSDKShare;
		};
		AF59615C2B32B2DA004C9810 /* KakaoSDKTalk */ = {
			isa = XCSwiftPackageProductDependency;
			package = AF5961492B32B2DA004C9810 /* XCRemoteSwiftPackageReference "kakao-ios-sdk" */;
			productName = KakaoSDKTalk;
		};
		AF59615E2B32B2DA004C9810 /* KakaoSDKTemplate */ = {
			isa = XCSwiftPackageProductDependency;
			package = AF5961492B32B2DA004C9810 /* XCRemoteSwiftPackageReference "kakao-ios-sdk" */;
			productName = KakaoSDKTemplate;
		};
		AF5961602B32B2DA004C9810 /* KakaoSDKUser */ = {
			isa = XCSwiftPackageProductDependency;
			package = AF5961492B32B2DA004C9810 /* XCRemoteSwiftPackageReference "kakao-ios-sdk" */;
			productName = KakaoSDKUser;
		};
/* End XCSwiftPackageProductDependency section */
	};
	rootObject = AFFAC7F02B147BA800C2347E /* Project object */;
}
